
Microsoft Visual Studio Solution File, Format Version 12.00
# Visual Studio 15
VisualStudioVersion = 15.0.28307.421
MinimumVisualStudioVersion = 10.0.40219.1
Project("{FAE04EC0-301F-11D3-BF4B-00C04F79EFBC}") = "DumpBeautifier", "DumpBeautifier\DumpBeautifier.csproj", "{13193A2B-0DB5-4DED-BDAE-4C22D9B112AB}"
EndProject
Global
	GlobalSection(SolutionConfigurationPlatforms) = preSolution
		Debug|Any CPU = Debug|Any CPU
		Release|Any CPU = Release|Any CPU
	EndGlobalSection
	GlobalSection(ProjectConfigurationPlatforms) = postSolution
		{13193A2B-0DB5-4DED-BDAE-4C22D9B112AB}.Debug|Any CPU.ActiveCfg = Debug|Any CPU
		{13193A2B-0DB5-4DED-BDAE-4C22D9B112AB}.Debug|Any CPU.Build.0 = Debug|Any CPU
		{13193A2B-0DB5-4DED-BDAE-4C22D9B112AB}.Release|Any CPU.ActiveCfg = Release|Any CPU
		{13193A2B-0DB5-4DED-BDAE-4C22D9B112AB}.Release|Any CPU.Build.0 = Release|Any CPU
	EndGlobalSection
	GlobalSection(SolutionProperties) = preSolution
		HideSolutionNode = FALSE
	EndGlobalSection
	GlobalSection(ExtensibilityGlobals) = postSolution
		SolutionGuid = {9ABA8486-9D88-4FE4-AD6E-C2635DF69E68}
	EndGlobalSection
EndGlobal
